# This file is automatically @generated by Cargo.
# It is not intended for manual editing.
version = 3

[[package]]
name = "aho-corasick"
version = "0.6.10"
source = "registry+https://github.com/rust-lang/crates.io-index"
checksum = "81ce3d38065e618af2d7b77e10c5ad9a069859b4be3c2250f674af3840d9c8a5"
dependencies = [
 "memchr",
]

[[package]]
name = "aho-corasick"
version = "0.7.18"
source = "registry+https://github.com/rust-lang/crates.io-index"
checksum = "1e37cfd5e7657ada45f742d6e99ca5788580b5c529dc78faf11ece6dc702656f"
dependencies = [
 "memchr",
]

[[package]]
name = "atty"
version = "0.2.11"
source = "registry+https://github.com/rust-lang/crates.io-index"
checksum = "9a7d5b8723950951411ee34d271d99dddcc2035a16ab25310ea2c8cfd4369652"
dependencies = [
 "libc",
 "termion",
 "winapi",
]

[[package]]
name = "base64"
version = "0.10.1"
source = "registry+https://github.com/rust-lang/crates.io-index"
checksum = "0b25d992356d2eb0ed82172f5248873db5560c4721f564b13cb5193bda5e668e"
dependencies = [
 "byteorder",
]

[[package]]
name = "bstr"
version = "0.1.3"
source = "registry+https://github.com/rust-lang/crates.io-index"
checksum = "853b090ce0f45d0265902666bf88039ea3da825e33796716c511a1ec9c170036"
dependencies = [
 "lazy_static",
 "memchr",
 "regex-automata",
]

[[package]]
name = "bstr"
version = "0.2.17"
source = "registry+https://github.com/rust-lang/crates.io-index"
checksum = "ba3569f383e8f1598449f1a423e72e99569137b47740b1da11ef19af3d5c3223"
dependencies = [
 "lazy_static",
 "memchr",
 "regex-automata",
]

[[package]]
name = "bytecount"
version = "0.5.1"
source = "registry+https://github.com/rust-lang/crates.io-index"
checksum = "be0fdd54b507df8f22012890aadd099979befdba27713c767993f8380112ca7c"

[[package]]
name = "byteorder"
version = "1.3.1"
source = "registry+https://github.com/rust-lang/crates.io-index"
checksum = "a019b10a2a7cdeb292db131fc8113e57ea2a908f6e7894b0c3c671893b65dbeb"

[[package]]
name = "cfg-if"
version = "0.1.9"
source = "registry+https://github.com/rust-lang/crates.io-index"
checksum = "b486ce3ccf7ffd79fdeb678eac06a9e6c09fc88d33836340becb8fffe87c5e33"

[[package]]
name = "crossbeam-channel"
version = "0.3.8"
source = "registry+https://github.com/rust-lang/crates.io-index"
checksum = "0f0ed1a4de2235cabda8558ff5840bffb97fcb64c97827f354a451307df5f72b"
dependencies = [
 "crossbeam-utils",
 "smallvec",
]

[[package]]
name = "crossbeam-utils"
version = "0.6.5"
source = "registry+https://github.com/rust-lang/crates.io-index"
checksum = "f8306fcef4a7b563b76b7dd949ca48f52bc1141aa067d2ea09565f3e2652aa5c"
dependencies = [
 "cfg-if",
 "lazy_static",
]

[[package]]
name = "cslice"
version = "0.2.0"
source = "registry+https://github.com/rust-lang/crates.io-index"
checksum = "697c714f50560202b1f4e2e09cd50a421881c83e9025db75d15f276616f04f40"

[[package]]
name = "encoding_rs"
version = "0.8.17"
source = "registry+https://github.com/rust-lang/crates.io-index"
checksum = "4155785c79f2f6701f185eb2e6b4caf0555ec03477cb4c70db67b465311620ed"
dependencies = [
 "cfg-if",
]

[[package]]
name = "encoding_rs_io"
version = "0.1.6"
source = "registry+https://github.com/rust-lang/crates.io-index"
checksum = "9619ee7a2bf4e777e020b95c1439abaf008f8ea8041b78a0552c4f1bcf4df32c"
dependencies = [
 "encoding_rs",
]

[[package]]
name = "fnv"
version = "1.0.6"
source = "registry+https://github.com/rust-lang/crates.io-index"
checksum = "2fad85553e09a6f881f739c29f0b00b0f01357c743266d478b68951ce23285f3"

[[package]]
name = "fragment-backend"
version = "0.1.0"
dependencies = [
 "fragment-search",
 "neon",
 "neon-build",
 "open",
]

[[package]]
name = "fragment-search"
version = "0.1.0"
dependencies = [
 "grep",
 "ignore",
 "walkdir",
]

[[package]]
name = "gcc"
version = "0.3.55"
source = "registry+https://github.com/rust-lang/crates.io-index"
checksum = "8f5f3913fa0bfe7ee1fd8248b6b9f42a5af4b9d65ec2dd2c3c26132b950ecfc2"

[[package]]
name = "globset"
version = "0.4.8"
source = "registry+https://github.com/rust-lang/crates.io-index"
checksum = "10463d9ff00a2a068db14231982f5132edebad0d7660cd956a1c30292dbcbfbd"
dependencies = [
 "aho-corasick 0.7.18",
 "bstr 0.2.17",
 "fnv",
 "log",
 "regex 1.5.6",
]

[[package]]
name = "grep"
version = "0.2.4"
source = "registry+https://github.com/rust-lang/crates.io-index"
checksum = "cc3bb2d1f5b44bb1bf7f703430a139d1bbf2e51e5356f07864ff2fdf149570de"
dependencies = [
 "grep-cli",
 "grep-matcher",
 "grep-printer",
 "grep-regex",
 "grep-searcher",
]

[[package]]
name = "grep-cli"
version = "0.1.6"
source = "registry+https://github.com/rust-lang/crates.io-index"
checksum = "2dd110c34bb4460d0de5062413b773e385cbf8a85a63fc535590110a09e79e8a"
dependencies = [
 "atty",
 "bstr 0.2.17",
 "globset",
 "lazy_static",
 "log",
 "regex 1.5.6",
 "same-file",
 "termcolor",
 "winapi-util",
]

[[package]]
name = "grep-matcher"
version = "0.1.2"
source = "registry+https://github.com/rust-lang/crates.io-index"
checksum = "79d0758870964e3fbdda18d1ef3db93bd7f88448afd0654c559e3ff7fc37420e"
dependencies = [
 "memchr",
]

[[package]]
name = "grep-printer"
version = "0.1.2"
source = "registry+https://github.com/rust-lang/crates.io-index"
checksum = "f401ecb1cfb48966af92983c4193dfe33c5805e8eec07ecc9ab24694d595f091"
dependencies = [
 "base64",
 "bstr 0.1.3",
 "grep-matcher",
 "grep-searcher",
 "serde",
 "serde_derive",
 "serde_json",
 "termcolor",
]

[[package]]
name = "grep-regex"
version = "0.1.3"
source = "registry+https://github.com/rust-lang/crates.io-index"
checksum = "8994bfbe00af78679154f9a763aa1f864aa2af6ad156038e2dc2ff7706426bd1"
dependencies = [
 "aho-corasick 0.7.18",
 "grep-matcher",
 "log",
 "regex 1.5.6",
 "regex-syntax 0.6.26",
 "thread_local",
 "utf8-ranges",
]

[[package]]
name = "grep-searcher"
version = "0.1.4"
source = "registry+https://github.com/rust-lang/crates.io-index"
checksum = "7b7bc66f34baf6182fb7c8ab653120c63f082f65d155aff0d359de771c00c14b"
dependencies = [
 "bstr 0.1.3",
 "bytecount",
 "encoding_rs",
 "encoding_rs_io",
 "grep-matcher",
 "log",
 "memmap",
]

[[package]]
name = "ignore"
version = "0.4.7"
source = "registry+https://github.com/rust-lang/crates.io-index"
checksum = "8dc57fa12805f367736a38541ac1a9fc6a52812a0ca959b1d4d4b640a89eb002"
dependencies = [
 "crossbeam-channel",
 "globset",
 "lazy_static",
 "log",
 "memchr",
 "regex 1.5.6",
 "same-file",
 "thread_local",
 "walkdir",
 "winapi-util",
]

[[package]]
name = "itoa"
version = "0.4.4"
source = "registry+https://github.com/rust-lang/crates.io-index"
checksum = "501266b7edd0174f8530248f87f99c88fbe60ca4ef3dd486835b8d8d53136f7f"

[[package]]
name = "lazy_static"
version = "1.3.0"
source = "registry+https://github.com/rust-lang/crates.io-index"
checksum = "bc5729f27f159ddd61f4df6228e827e86643d4d3e7c32183cb30a1c08f604a14"

[[package]]
name = "libc"
version = "0.2.55"
source = "registry+https://github.com/rust-lang/crates.io-index"
checksum = "42914d39aad277d9e176efbdad68acb1d5443ab65afe0e0e4f0d49352a950880"

[[package]]
name = "log"
version = "0.4.6"
source = "registry+https://github.com/rust-lang/crates.io-index"
checksum = "c84ec4b527950aa83a329754b01dbe3f58361d1c5efacd1f6d68c494d08a17c6"
dependencies = [
 "cfg-if",
]

[[package]]
name = "memchr"
version = "2.5.0"
source = "registry+https://github.com/rust-lang/crates.io-index"
checksum = "2dffe52ecf27772e601905b7522cb4ef790d2cc203488bbd0e2fe85fcb74566d"

[[package]]
name = "memmap"
version = "0.7.0"
source = "registry+https://github.com/rust-lang/crates.io-index"
checksum = "6585fd95e7bb50d6cc31e20d4cf9afb4e2ba16c5846fc76793f11218da9c475b"
dependencies = [
 "libc",
 "winapi",
]

[[package]]
name = "neon"
version = "0.2.0"
source = "registry+https://github.com/rust-lang/crates.io-index"
checksum = "fd2e4dcd1e15c5944d89d283ec7c3b1b4ef83b5d2227b3b5d91d33224a45c7a3"
dependencies = [
 "cslice",
 "neon-build",
 "neon-runtime",
 "semver",
]

[[package]]
name = "neon-build"
version = "0.2.0"
source = "registry+https://github.com/rust-lang/crates.io-index"
checksum = "870c8f0b18ce83d8af6d95b9b723678aef55c047f29e09ac3e3d10ceecf57fd0"

[[package]]
name = "neon-runtime"
version = "0.2.0"
source = "registry+https://github.com/rust-lang/crates.io-index"
checksum = "ff1178addfa03e060fc79e795c21170823e69f0229b0b13a4a2585190ef8fa76"
dependencies = [
 "gcc",
 "regex 0.2.11",
]

[[package]]
name = "numtoa"
version = "0.1.0"
source = "registry+https://github.com/rust-lang/crates.io-index"
checksum = "b8f8bdf33df195859076e54ab11ee78a1b208382d3a26ec40d142ffc1ecc49ef"

[[package]]
name = "open"
version = "1.2.2"
source = "registry+https://github.com/rust-lang/crates.io-index"
checksum = "eedfa0ca7b54d84d948bfd058b8f82e767d11f362dd78c36866fd1f69c175867"
dependencies = [
 "winapi",
]

[[package]]
name = "proc-macro2"
version = "0.4.30"
source = "registry+https://github.com/rust-lang/crates.io-index"
checksum = "cf3d2011ab5c909338f7887f4fc896d35932e29146c12c8d01da6b22a80ba759"
dependencies = [
 "unicode-xid",
]

[[package]]
name = "quote"
version = "0.6.12"
source = "registry+https://github.com/rust-lang/crates.io-index"
checksum = "faf4799c5d274f3868a4aae320a0a182cbd2baee377b378f080e16a23e9d80db"
dependencies = [
 "proc-macro2",
]

[[package]]
name = "redox_syscall"
version = "0.1.54"
source = "registry+https://github.com/rust-lang/crates.io-index"
checksum = "12229c14a0f65c4f1cb046a3b52047cdd9da1f4b30f8a39c5063c8bae515e252"

[[package]]
name = "redox_termios"
version = "0.1.1"
source = "registry+https://github.com/rust-lang/crates.io-index"
checksum = "7e891cfe48e9100a70a3b6eb652fef28920c117d366339687bd5576160db0f76"
dependencies = [
 "redox_syscall",
]

[[package]]
name = "regex"
version = "0.2.11"
source = "registry+https://github.com/rust-lang/crates.io-index"
checksum = "9329abc99e39129fcceabd24cf5d85b4671ef7c29c50e972bc5afe32438ec384"
dependencies = [
 "aho-corasick 0.6.10",
 "memchr",
 "regex-syntax 0.5.6",
 "thread_local",
 "utf8-ranges",
]

[[package]]
name = "regex"
version = "1.5.6"
source = "registry+https://github.com/rust-lang/crates.io-index"
checksum = "d83f127d94bdbcda4c8cc2e50f6f84f4b611f69c902699ca385a39c3a75f9ff1"
dependencies = [
 "aho-corasick 0.7.18",
 "memchr",
 "regex-syntax 0.6.26",
]

[[package]]
name = "regex-automata"
version = "0.1.6"
source = "registry+https://github.com/rust-lang/crates.io-index"
checksum = "a25a7daa2eea48550e9946133d6cc9621020d29cc7069089617234bf8b6a8693"
dependencies = [
 "byteorder",
]

[[package]]
name = "regex-syntax"
version = "0.5.6"
source = "registry+https://github.com/rust-lang/crates.io-index"
checksum = "7d707a4fa2637f2dca2ef9fd02225ec7661fe01a53623c1e6515b6916511f7a7"
dependencies = [
 "ucd-util",
]

[[package]]
name = "regex-syntax"
version = "0.6.26"
source = "registry+https://github.com/rust-lang/crates.io-index"
checksum = "49b3de9ec5dc0a3417da371aab17d729997c15010e7fd24ff707773a33bddb64"

[[package]]
name = "ryu"
version = "0.2.8"
source = "registry+https://github.com/rust-lang/crates.io-index"
checksum = "b96a9549dc8d48f2c283938303c4b5a77aa29bfbc5b54b084fb1630408899a8f"

[[package]]
name = "same-file"
version = "1.0.4"
source = "registry+https://github.com/rust-lang/crates.io-index"
checksum = "8f20c4be53a8a1ff4c1f1b2bd14570d2f634628709752f0702ecdd2b3f9a5267"
dependencies = [
 "winapi-util",
]

[[package]]
name = "semver"
version = "0.9.0"
source = "registry+https://github.com/rust-lang/crates.io-index"
checksum = "1d7eb9ef2c18661902cc47e535f9bc51b78acd254da71d375c2f6720d9a40403"
dependencies = [
 "semver-parser",
]

[[package]]
name = "semver-parser"
version = "0.7.0"
source = "registry+https://github.com/rust-lang/crates.io-index"
checksum = "388a1df253eca08550bef6c72392cfe7c30914bf41df5269b68cbd6ff8f570a3"

[[package]]
name = "serde"
version = "1.0.91"
source = "registry+https://github.com/rust-lang/crates.io-index"
checksum = "a72e9b96fa45ce22a4bc23da3858dfccfd60acd28a25bcd328a98fdd6bea43fd"

[[package]]
name = "serde_derive"
version = "1.0.91"
source = "registry+https://github.com/rust-lang/crates.io-index"
checksum = "101b495b109a3e3ca8c4cbe44cf62391527cdfb6ba15821c5ce80bcd5ea23f9f"
dependencies = [
 "proc-macro2",
 "quote",
 "syn",
]

[[package]]
name = "serde_json"
version = "1.0.39"
source = "registry+https://github.com/rust-lang/crates.io-index"
checksum = "5a23aa71d4a4d43fdbfaac00eff68ba8a06a51759a89ac3304323e800c4dd40d"
dependencies = [
 "itoa",
 "ryu",
 "serde",
]

[[package]]
name = "smallvec"
version = "0.6.9"
source = "registry+https://github.com/rust-lang/crates.io-index"
checksum = "c4488ae950c49d403731982257768f48fada354a5203fe81f9bb6f43ca9002be"

[[package]]
name = "syn"
version = "0.15.34"
source = "registry+https://github.com/rust-lang/crates.io-index"
checksum = "a1393e4a97a19c01e900df2aec855a29f71cf02c402e2f443b8d2747c25c5dbe"
dependencies = [
 "proc-macro2",
 "quote",
 "unicode-xid",
]

[[package]]
name = "termcolor"
version = "1.0.4"
source = "registry+https://github.com/rust-lang/crates.io-index"
checksum = "4096add70612622289f2fdcdbd5086dc81c1e2675e6ae58d6c4f62a16c6d7f2f"
dependencies = [
 "wincolor",
]

[[package]]
name = "termion"
version = "1.5.2"
source = "registry+https://github.com/rust-lang/crates.io-index"
checksum = "dde0593aeb8d47accea5392b39350015b5eccb12c0d98044d856983d89548dea"
dependencies = [
 "libc",
 "numtoa",
 "redox_syscall",
 "redox_termios",
]

[[package]]
name = "thread_local"
version = "0.3.6"
source = "registry+https://github.com/rust-lang/crates.io-index"
checksum = "c6b53e329000edc2b34dbe8545fd20e55a333362d0a321909685a19bd28c3f1b"
dependencies = [
 "lazy_static",
]

[[package]]
name = "ucd-util"
version = "0.1.3"
source = "registry+https://github.com/rust-lang/crates.io-index"
checksum = "535c204ee4d8434478593480b8f86ab45ec9aae0e83c568ca81abf0fd0e88f86"

[[package]]
name = "unicode-xid"
version = "0.1.0"
source = "registry+https://github.com/rust-lang/crates.io-index"
checksum = "fc72304796d0818e357ead4e000d19c9c174ab23dc11093ac919054d20a6a7fc"

[[package]]
name = "utf8-ranges"
version = "1.0.2"
source = "registry+https://github.com/rust-lang/crates.io-index"
checksum = "796f7e48bef87609f7ade7e06495a87d5cd06c7866e6a5cbfceffc558a243737"

[[package]]
name = "walkdir"
version = "2.2.7"
source = "registry+https://github.com/rust-lang/crates.io-index"
checksum = "9d9d7ed3431229a144296213105a390676cc49c9b6a72bd19f3176c98e129fa1"
dependencies = [
 "same-file",
 "winapi",
 "winapi-util",
]

[[package]]
name = "winapi"
version = "0.3.7"
source = "registry+https://github.com/rust-lang/crates.io-index"
checksum = "f10e386af2b13e47c89e7236a7a14a086791a2b88ebad6df9bf42040195cf770"
dependencies = [
 "winapi-i686-pc-windows-gnu",
 "winapi-x86_64-pc-windows-gnu",
]

[[package]]
name = "winapi-i686-pc-windows-gnu"
version = "0.4.0"
source = "registry+https://github.com/rust-lang/crates.io-index"
checksum = "ac3b87c63620426dd9b991e5ce0329eff545bccbbb34f3be09ff6fb6ab51b7b6"

[[package]]
name = "winapi-util"
version = "0.1.2"
source = "registry+https://github.com/rust-lang/crates.io-index"
checksum = "7168bab6e1daee33b4557efd0e95d5ca70a03706d39fa5f3fe7a236f584b03c9"
dependencies = [
 "winapi",
]

[[package]]
name = "winapi-x86_64-pc-windows-gnu"
version = "0.4.0"
source = "registry+https://github.com/rust-lang/crates.io-index"
checksum = "712e227841d057c1ee1cd2fb22fa7e5a5461ae8e48fa2ca79ec42cfc1931183f"

[[package]]
name = "wincolor"
version = "1.0.1"
source = "registry+https://github.com/rust-lang/crates.io-index"
checksum = "561ed901ae465d6185fa7864d63fbd5720d0ef718366c9a4dc83cf6170d7e9ba"
dependencies = [
 "winapi",
 "winapi-util",
]
