{
  "name": "spike-agent-turns",
  "lockfileVersion": 3,
  "requires": true,
  "packages": {
    "": {
      "name": "spike-agent-turns",
      "dependencies": {
        "libfx": "0.0.10"
      }
    },
    "node_modules/libfx": {
      "version": "0.0.10",
      "resolved": "https://registry.npmjs.org/libfx/-/libfx-0.0.10.tgz",
      "integrity": "sha512-rkslSgwmmeTghQkJYYeFBIn6VRnSMZsPC6eNB86PVtkzOLLjYAr9KY3xBAq8aUdr0YcD2SgLqOojpH3vLC4xtw==",
      "license": "Apache-2.0",
      "engines": {
        "node": ">=20"
      }
    }
  }
}
